
Microsoft Visual Studio Solution File, Format Version 9.00
# Visual Studio 2005
Project("{FAE04EC0-301F-11D3-BF4B-00C04F79EFBC}") = "DocumentRepository", "DocumentRepository.csproj", "{B463676C-5D3B-401B-A203-3F3A87239F82}"
EndProject
Global
	GlobalSection(SolutionConfigurationPlatforms) = preSolution
		Debug|Any CPU = Debug|Any CPU
		Release|Any CPU = Release|Any CPU
	EndGlobalSection
	GlobalSection(ProjectConfigurationPlatforms) = postSolution
		{B463676C-5D3B-401B-A203-3F3A87239F82}.Debug|Any CPU.ActiveCfg = Debug|Any CPU
		{B463676C-5D3B-401B-A203-3F3A87239F82}.Debug|Any CPU.Build.0 = Debug|Any CPU
		{B463676C-5D3B-401B-A203-3F3A87239F82}.Release|Any CPU.ActiveCfg = Release|Any CPU
		{B463676C-5D3B-401B-A203-3F3A87239F82}.Release|Any CPU.Build.0 = Release|Any CPU
	EndGlobalSection
	GlobalSection(SolutionProperties) = preSolution
		HideSolutionNode = FALSE
	EndGlobalSection
EndGlobal
